
Microsoft Visual Studio Solution File, Format Version 12.00
# Visual Studio Version 17
VisualStudioVersion = 17.6.33829.357
MinimumVisualStudioVersion = 10.0.40219.1
Project("{FAE04EC0-301F-11D3-BF4B-00C04F79EFBC}") = "MyActivities-Lizarondo", "MyActivities-Lizarondo.csproj", "{42EA149C-BE5F-4625-9C75-BA8CE510680A}"
EndProject
Global
	GlobalSection(SolutionConfigurationPlatforms) = preSolution
		Debug|Any CPU = Debug|Any CPU
		Release|Any CPU = Release|Any CPU
	EndGlobalSection
	GlobalSection(ProjectConfigurationPlatforms) = postSolution
		{42EA149C-BE5F-4625-9C75-BA8CE510680A}.Debug|Any CPU.ActiveCfg = Debug|Any CPU
		{42EA149C-BE5F-4625-9C75-BA8CE510680A}.Debug|Any CPU.Build.0 = Debug|Any CPU
		{42EA149C-BE5F-4625-9C75-BA8CE510680A}.Release|Any CPU.ActiveCfg = Release|Any CPU
		{42EA149C-BE5F-4625-9C75-BA8CE510680A}.Release|Any CPU.Build.0 = Release|Any CPU
	EndGlobalSection
	GlobalSection(SolutionProperties) = preSolution
		HideSolutionNode = FALSE
	EndGlobalSection
	GlobalSection(ExtensibilityGlobals) = postSolution
		SolutionGuid = {2009B90B-E37F-42F6-B416-8CCC9CCBF290}
	EndGlobalSection
EndGlobal
